// !$*UTF8*$!
{
	archiveVersion = 1;
	classes = {
	};
	objectVersion = 55;
	objects = {

/* Begin PBXBuildFile section */
		5A4001A7285C7C9B005B5BFA /* MapView.swift in Sources */ = {isa = PBXBuildFile; fileRef = 5A4001A6285C7C9B005B5BFA /* MapView.swift */; };
		5A4001A9285C7CB3005B5BFA /* AboutView.swift in Sources */ = {isa = PBXBuildFile; fileRef = 5A4001A8285C7CB3005B5BFA /* AboutView.swift */; };
		5A4001AB285C7CD3005B5BFA /* StatView.swift in Sources */ = {isa = PBXBuildFile; fileRef = 5A4001AA285C7CD3005B5BFA /* StatView.swift */; };
		5AB83D1D27EB9F7C00F25250 /* UkraineDataApp.swift in Sources */ = {isa = PBXBuildFile; fileRef = 5AB83D1C27EB9F7C00F25250 /* UkraineDataApp.swift */; };
		5AB83D1F27EB9F7C00F25250 /* ContentView.swift in Sources */ = {isa = PBXBuildFile; fileRef = 5AB83D1E27EB9F7C00F25250 /* ContentView.swift */; };
		5AB83D2127EB9F7D00F25250 /* Assets.xcassets in Resources */ = {isa = PBXBuildFile; fileRef = 5AB83D2027EB9F7D00F25250 /* Assets.xcassets */; };
		5AB83D2427EB9F7D00F25250 /* Preview Assets.xcassets in Resources */ = {isa = PBXBuildFile; fileRef = 5AB83D2327EB9F7D00F25250 /* Preview Assets.xcassets */; };
		5AB83D2C27EB9FE700F25250 /* UaDataAPI.swift in Sources */ = {isa = PBXBuildFile; fileRef = 5AB83D2B27EB9FE700F25250 /* UaDataAPI.swift */; };
		5AEFC33E285B2E0500EA22A3 /* Data.swift in Sources */ = {isa = PBXBuildFile; fileRef = 5AEFC33D285B2E0500EA22A3 /* Data.swift */; };
		5AEFC341285B32FC00EA22A3 /* Localizable.strings in Resources */ = {isa = PBXBuildFile; fileRef = 5AEFC343285B32FC00EA22A3 /* Localizable.strings */; };
		5AEFC347285B365D00EA22A3 /* String.swift in Sources */ = {isa = PBXBuildFile; fileRef = 5AEFC346285B365D00EA22A3 /* String.swift */; };
		5AF46E0B285BB64E003856C5 /* WebView.swift in Sources */ = {isa = PBXBuildFile; fileRef = 5AF46E0A285BB64E003856C5 /* WebView.swift */; };
/* End PBXBuildFile section */

/* Begin PBXFileReference section */
		5A4001A6285C7C9B005B5BFA /* MapView.swift */ = {isa = PBXFileReference; lastKnownFileType = sourcecode.swift; path = MapView.swift; sourceTree = "<group>"; };
		5A4001A8285C7CB3005B5BFA /* AboutView.swift */ = {isa = PBXFileReference; lastKnownFileType = sourcecode.swift; path = AboutView.swift; sourceTree = "<group>"; };
		5A4001AA285C7CD3005B5BFA /* StatView.swift */ = {isa = PBXFileReference; lastKnownFileType = sourcecode.swift; path = StatView.swift; sourceTree = "<group>"; };
		5AB83D1927EB9F7C00F25250 /* UkraineData.app */ = {isa = PBXFileReference; explicitFileType = wrapper.application; includeInIndex = 0; path = UkraineData.app; sourceTree = BUILT_PRODUCTS_DIR; };
		5AB83D1C27EB9F7C00F25250 /* UkraineDataApp.swift */ = {isa = PBXFileReference; lastKnownFileType = sourcecode.swift; path = UkraineDataApp.swift; sourceTree = "<group>"; };
		5AB83D1E27EB9F7C00F25250 /* ContentView.swift */ = {isa = PBXFileReference; lastKnownFileType = sourcecode.swift; path = ContentView.swift; sourceTree = "<group>"; };
		5AB83D2027EB9F7D00F25250 /* Assets.xcassets */ = {isa = PBXFileReference; lastKnownFileType = folder.assetcatalog; path = Assets.xcassets; sourceTree = "<group>"; };
		5AB83D2327EB9F7D00F25250 /* Preview Assets.xcassets */ = {isa = PBXFileReference; lastKnownFileType = folder.assetcatalog; path = "Preview Assets.xcassets"; sourceTree = "<group>"; };
		5AB83D2B27EB9FE700F25250 /* UaDataAPI.swift */ = {isa = PBXFileReference; lastKnownFileType = sourcecode.swift; path = UaDataAPI.swift; sourceTree = "<group>"; };
		5AEFC33D285B2E0500EA22A3 /* Data.swift */ = {isa = PBXFileReference; lastKnownFileType = sourcecode.swift; path = Data.swift; sourceTree = "<group>"; };
		5AEFC342285B32FC00EA22A3 /* en */ = {isa = PBXFileReference; lastKnownFileType = text.plist.strings; name = en; path = en.lproj/Localizable.strings; sourceTree = "<group>"; };
		5AEFC344285B332300EA22A3 /* uk */ = {isa = PBXFileReference; lastKnownFileType = text.plist.strings; name = uk; path = uk.lproj/Localizable.strings; sourceTree = "<group>"; };
		5AEFC346285B365D00EA22A3 /* String.swift */ = {isa = PBXFileReference; lastKnownFileType = sourcecode.swift; path = String.swift; sourceTree = "<group>"; };
		5AEFC348285B4A8900EA22A3 /* Info.plist */ = {isa = PBXFileReference; lastKnownFileType = text.plist; path = Info.plist; sourceTree = "<group>"; };
		5AF46E0A285BB64E003856C5 /* WebView.swift */ = {isa = PBXFileReference; lastKnownFileType = sourcecode.swift; path = WebView.swift; sourceTree = "<group>"; };
/* End PBXFileReference section */

/* Begin PBXFrameworksBuildPhase section */
		5AB83D1627EB9F7C00F25250 /* Frameworks */ = {
			isa = PBXFrameworksBuildPhase;
			buildActionMask = 2147483647;
			files = (
			);
			runOnlyForDeploymentPostprocessing = 0;
		};
/* End PBXFrameworksBuildPhase section */

/* Begin PBXGroup section */
		5AB83D1027EB9F7C00F25250 = {
			isa = PBXGroup;
			children = (
				5AEFC343285B32FC00EA22A3 /* Localizable.strings */,
				5AB83D1B27EB9F7C00F25250 /* UkraineData */,
				5AB83D1A27EB9F7C00F25250 /* Products */,
			);
			sourceTree = "<group>";
		};
		5AB83D1A27EB9F7C00F25250 /* Products */ = {
			isa = PBXGroup;
			children = (
				5AB83D1927EB9F7C00F25250 /* UkraineData.app */,
			);
			name = Products;
			sourceTree = "<group>";
		};
		5AB83D1B27EB9F7C00F25250 /* UkraineData */ = {
			isa = PBXGroup;
			children = (
				5AF46E09285BB645003856C5 /* Views */,
				5AF46E08285BB63B003856C5 /* UI */,
				5AEFC348285B4A8900EA22A3 /* Info.plist */,
				5AEFC345285B364D00EA22A3 /* Extensions */,
				5AB83D2A27EB9FC800F25250 /* Network */,
				5AB83D1C27EB9F7C00F25250 /* UkraineDataApp.swift */,
				5AB83D2027EB9F7D00F25250 /* Assets.xcassets */,
				5AB83D2227EB9F7D00F25250 /* Preview Content */,
			);
			path = UkraineData;
			sourceTree = "<group>";
		};
		5AB83D2227EB9F7D00F25250 /* Preview Content */ = {
			isa = PBXGroup;
			children = (
				5AB83D2327EB9F7D00F25250 /* Preview Assets.xcassets */,
			);
			path = "Preview Content";
			sourceTree = "<group>";
		};
		5AB83D2A27EB9FC800F25250 /* Network */ = {
			isa = PBXGroup;
			children = (
				5AB83D2B27EB9FE700F25250 /* UaDataAPI.swift */,
				5AEFC33D285B2E0500EA22A3 /* Data.swift */,
			);
			path = Network;
			sourceTree = "<group>";
		};
		5AEFC345285B364D00EA22A3 /* Extensions */ = {
			isa = PBXGroup;
			children = (
				5AEFC346285B365D00EA22A3 /* String.swift */,
			);
			path = Extensions;
			sourceTree = "<group>";
		};
		5AF46E08285BB63B003856C5 /* UI */ = {
			isa = PBXGroup;
			children = (
				5AB83D1E27EB9F7C00F25250 /* ContentView.swift */,
				5A4001A6285C7C9B005B5BFA /* MapView.swift */,
				5A4001A8285C7CB3005B5BFA /* AboutView.swift */,
				5A4001AA285C7CD3005B5BFA /* StatView.swift */,
			);
			path = UI;
			sourceTree = "<group>";
		};
		5AF46E09285BB645003856C5 /* Views */ = {
			isa = PBXGroup;
			children = (
				5AF46E0A285BB64E003856C5 /* WebView.swift */,
			);
			path = Views;
			sourceTree = "<group>";
		};
/* End PBXGroup section */

/* Begin PBXNativeTarget section */
		5AB83D1827EB9F7C00F25250 /* UkraineData */ = {
			isa = PBXNativeTarget;
			buildConfigurationList = 5AB83D2727EB9F7D00F25250 /* Build configuration list for PBXNativeTarget "UkraineData" */;
			buildPhases = (
				5AB83D1527EB9F7C00F25250 /* Sources */,
				5AB83D1627EB9F7C00F25250 /* Frameworks */,
				5AB83D1727EB9F7C00F25250 /* Resources */,
			);
			buildRules = (
			);
			dependencies = (
			);
			name = UkraineData;
			productName = UkraineData;
			productReference = 5AB83D1927EB9F7C00F25250 /* UkraineData.app */;
			productType = "com.apple.product-type.application";
		};
/* End PBXNativeTarget section */

/* Begin PBXProject section */
		5AB83D1127EB9F7C00F25250 /* Project object */ = {
			isa = PBXProject;
			attributes = {
				BuildIndependentTargetsInParallel = 1;
				LastSwiftUpdateCheck = 1320;
				LastUpgradeCheck = 1320;
				TargetAttributes = {
					5AB83D1827EB9F7C00F25250 = {
						CreatedOnToolsVersion = 13.2.1;
					};
				};
			};
			buildConfigurationList = 5AB83D1427EB9F7C00F25250 /* Build configuration list for PBXProject "UkraineData" */;
			compatibilityVersion = "Xcode 13.0";
			developmentRegion = en;
			hasScannedForEncodings = 0;
			knownRegions = (
				en,
				Base,
				uk,
			);
			mainGroup = 5AB83D1027EB9F7C00F25250;
			productRefGroup = 5AB83D1A27EB9F7C00F25250 /* Products */;
			projectDirPath = "";
			projectRoot = "";
			targets = (
				5AB83D1827EB9F7C00F25250 /* UkraineData */,
			);
		};
/* End PBXProject section */

/* Begin PBXResourcesBuildPhase section */
		5AB83D1727EB9F7C00F25250 /* Resources */ = {
			isa = PBXResourcesBuildPhase;
			buildActionMask = 2147483647;
			files = (
				5AB83D2427EB9F7D00F25250 /* Preview Assets.xcassets in Resources */,
				5AEFC341285B32FC00EA22A3 /* Localizable.strings in Resources */,
				5AB83D2127EB9F7D00F25250 /* Assets.xcassets in Resources */,
			);
			runOnlyForDeploymentPostprocessing = 0;
		};
/* End PBXResourcesBuildPhase section */

/* Begin PBXSourcesBuildPhase section */
		5AB83D1527EB9F7C00F25250 /* Sources */ = {
			isa = PBXSourcesBuildPhase;
			buildActionMask = 2147483647;
			files = (
				5A4001A9285C7CB3005B5BFA /* AboutView.swift in Sources */,
				5A4001A7285C7C9B005B5BFA /* MapView.swift in Sources */,
				5AB83D1F27EB9F7C00F25250 /* ContentView.swift in Sources */,
				5A4001AB285C7CD3005B5BFA /* StatView.swift in Sources */,
				5AB83D1D27EB9F7C00F25250 /* UkraineDataApp.swift in Sources */,
				5AEFC347285B365D00EA22A3 /* String.swift in Sources */,
				5AF46E0B285BB64E003856C5 /* WebView.swift in Sources */,
				5AB83D2C27EB9FE700F25250 /* UaDataAPI.swift in Sources */,
				5AEFC33E285B2E0500EA22A3 /* Data.swift in Sources */,
			);
			runOnlyForDeploymentPostprocessing = 0;
		};
/* End PBXSourcesBuildPhase section */

/* Begin PBXVariantGroup section */
		5AEFC343285B32FC00EA22A3 /* Localizable.strings */ = {
			isa = PBXVariantGroup;
			children = (
				5AEFC342285B32FC00EA22A3 /* en */,
				5AEFC344285B332300EA22A3 /* uk */,
			);
			name = Localizable.strings;
			sourceTree = "<group>";
		};
/* End PBXVariantGroup section */

/* Begin XCBuildConfiguration section */
		5AB83D2527EB9F7D00F25250 /* Debug */ = {
			isa = XCBuildConfiguration;
			buildSettings = {
				ALWAYS_SEARCH_USER_PATHS = NO;
				CLANG_ANALYZER_LOCALIZABILITY_NONLOCALIZED = YES;
				CLANG_ANALYZER_NONNULL = YES;
				CLANG_ANALYZER_NUMBER_OBJECT_CONVERSION = YES_AGGRESSIVE;
				CLANG_CXX_LANGUAGE_STANDARD = "gnu++17";
				CLANG_CXX_LIBRARY = "libc++";
				CLANG_ENABLE_MODULES = YES;
				CLANG_ENABLE_OBJC_ARC = YES;
				CLANG_ENABLE_OBJC_WEAK = YES;
				CLANG_WARN_BLOCK_CAPTURE_AUTORELEASING = YES;
				CLANG_WARN_BOOL_CONVERSION = YES;
				CLANG_WARN_COMMA = YES;
				CLANG_WARN_CONSTANT_CONVERSION = YES;
				CLANG_WARN_DEPRECATED_OBJC_IMPLEMENTATIONS = YES;
				CLANG_WARN_DIRECT_OBJC_ISA_USAGE = YES_ERROR;
				CLANG_WARN_DOCUMENTATION_COMMENTS = YES;
				CLANG_WARN_EMPTY_BODY = YES;
				CLANG_WARN_ENUM_CONVERSION = YES;
				CLANG_WARN_INFINITE_RECURSION = YES;
				CLANG_WARN_INT_CONVERSION = YES;
				CLANG_WARN_NON_LITERAL_NULL_CONVERSION = YES;
				CLANG_WARN_OBJC_IMPLICIT_RETAIN_SELF = YES;
				CLANG_WARN_OBJC_LITERAL_CONVERSION = YES;
				CLANG_WARN_OBJC_ROOT_CLASS = YES_ERROR;
				CLANG_WARN_QUOTED_INCLUDE_IN_FRAMEWORK_HEADER = YES;
				CLANG_WARN_RANGE_LOOP_ANALYSIS = YES;
				CLANG_WARN_STRICT_PROTOTYPES = YES;
				CLANG_WARN_SUSPICIOUS_MOVE = YES;
				CLANG_WARN_UNGUARDED_AVAILABILITY = YES_AGGRESSIVE;
				CLANG_WARN_UNREACHABLE_CODE = YES;
				CLANG_WARN__DUPLICATE_METHOD_MATCH = YES;
				COPY_PHASE_STRIP = NO;
				DEBUG_INFORMATION_FORMAT = dwarf;
				ENABLE_STRICT_OBJC_MSGSEND = YES;
				ENABLE_TESTABILITY = YES;
				GCC_C_LANGUAGE_STANDARD = gnu11;
				GCC_DYNAMIC_NO_PIC = NO;
				GCC_NO_COMMON_BLOCKS = YES;
				GCC_OPTIMIZATION_LEVEL = 0;
				GCC_PREPROCESSOR_DEFINITIONS = (
					"DEBUG=1",
					"$(inherited)",
				);
				GCC_WARN_64_TO_32_BIT_CONVERSION = YES;
				GCC_WARN_ABOUT_RETURN_TYPE = YES_ERROR;
				GCC_WARN_UNDECLARED_SELECTOR = YES;
				GCC_WARN_UNINITIALIZED_AUTOS = YES_AGGRESSIVE;
				GCC_WARN_UNUSED_FUNCTION = YES;
				GCC_WARN_UNUSED_VARIABLE = YES;
				IPHONEOS_DEPLOYMENT_TARGET = 15.2;
				MTL_ENABLE_DEBUG_INFO = INCLUDE_SOURCE;
				MTL_FAST_MATH = YES;
				ONLY_ACTIVE_ARCH = YES;
				SDKROOT = iphoneos;
				SWIFT_ACTIVE_COMPILATION_CONDITIONS = DEBUG;
				SWIFT_OPTIMIZATION_LEVEL = "-Onone";
			};
			name = Debug;
		};
		5AB83D2627EB9F7D00F25250 /* Release */ = {
			isa = XCBuildConfiguration;
			buildSettings = {
				ALWAYS_SEARCH_USER_PATHS = NO;
				CLANG_ANALYZER_LOCALIZABILITY_NONLOCALIZED = YES;
				CLANG_ANALYZER_NONNULL = YES;
				CLANG_ANALYZER_NUMBER_OBJECT_CONVERSION = YES_AGGRESSIVE;
				CLANG_CXX_LANGUAGE_STANDARD = "gnu++17";
				CLANG_CXX_LIBRARY = "libc++";
				CLANG_ENABLE_MODULES = YES;
				CLANG_ENABLE_OBJC_ARC = YES;
				CLANG_ENABLE_OBJC_WEAK = YES;
				CLANG_WARN_BLOCK_CAPTURE_AUTORELEASING = YES;
				CLANG_WARN_BOOL_CONVERSION = YES;
				CLANG_WARN_COMMA = YES;
				CLANG_WARN_CONSTANT_CONVERSION = YES;
				CLANG_WARN_DEPRECATED_OBJC_IMPLEMENTATIONS = YES;
				CLANG_WARN_DIRECT_OBJC_ISA_USAGE = YES_ERROR;
				CLANG_WARN_DOCUMENTATION_COMMENTS = YES;
				CLANG_WARN_EMPTY_BODY = YES;
				CLANG_WARN_ENUM_CONVERSION = YES;
				CLANG_WARN_INFINITE_RECURSION = YES;
				CLANG_WARN_INT_CONVERSION = YES;
				CLANG_WARN_NON_LITERAL_NULL_CONVERSION = YES;
				CLANG_WARN_OBJC_IMPLICIT_RETAIN_SELF = YES;
				CLANG_WARN_OBJC_LITERAL_CONVERSION = YES;
				CLANG_WARN_OBJC_ROOT_CLASS = YES_ERROR;
				CLANG_WARN_QUOTED_INCLUDE_IN_FRAMEWORK_HEADER = YES;
				CLANG_WARN_RANGE_LOOP_ANALYSIS = YES;
				CLANG_WARN_STRICT_PROTOTYPES = YES;
				CLANG_WARN_SUSPICIOUS_MOVE = YES;
				CLANG_WARN_UNGUARDED_AVAILABILITY = YES_AGGRESSIVE;
				CLANG_WARN_UNREACHABLE_CODE = YES;
				CLANG_WARN__DUPLICATE_METHOD_MATCH = YES;
				COPY_PHASE_STRIP = NO;
				DEBUG_INFORMATION_FORMAT = "dwarf-with-dsym";
				ENABLE_NS_ASSERTIONS = NO;
				ENABLE_STRICT_OBJC_MSGSEND = YES;
				GCC_C_LANGUAGE_STANDARD = gnu11;
				GCC_NO_COMMON_BLOCKS = YES;
				GCC_WARN_64_TO_32_BIT_CONVERSION = YES;
				GCC_WARN_ABOUT_RETURN_TYPE = YES_ERROR;
				GCC_WARN_UNDECLARED_SELECTOR = YES;
				GCC_WARN_UNINITIALIZED_AUTOS = YES_AGGRESSIVE;
				GCC_WARN_UNUSED_FUNCTION = YES;
				GCC_WARN_UNUSED_VARIABLE = YES;
				IPHONEOS_DEPLOYMENT_TARGET = 15.2;
				MTL_ENABLE_DEBUG_INFO = NO;
				MTL_FAST_MATH = YES;
				SDKROOT = iphoneos;
				SWIFT_COMPILATION_MODE = wholemodule;
				SWIFT_OPTIMIZATION_LEVEL = "-O";
				VALIDATE_PRODUCT = YES;
			};
			name = Release;
		};
		5AB83D2827EB9F7D00F25250 /* Debug */ = {
			isa = XCBuildConfiguration;
			buildSettings = {
				ASSETCATALOG_COMPILER_APPICON_NAME = AppIcon;
				ASSETCATALOG_COMPILER_GLOBAL_ACCENT_COLOR_NAME = AccentColor;
				CODE_SIGN_STYLE = Automatic;
				CURRENT_PROJECT_VERSION = 1;
				DEVELOPMENT_ASSET_PATHS = "\"UkraineData/Preview Content\"";
				DEVELOPMENT_TEAM = 534C989ZLQ;
				ENABLE_PREVIEWS = YES;
				GENERATE_INFOPLIST_FILE = YES;
				INFOPLIST_FILE = UkraineData/Info.plist;
				INFOPLIST_KEY_UIApplicationSupportsIndirectInputEvents = YES;
				INFOPLIST_KEY_UILaunchScreen_Generation = YES;
				INFOPLIST_KEY_UISupportedInterfaceOrientations = "";
				INFOPLIST_KEY_UISupportedInterfaceOrientations_iPad = "UIInterfaceOrientationPortrait UIInterfaceOrientationPortraitUpsideDown UIInterfaceOrientationLandscapeLeft UIInterfaceOrientationLandscapeRight";
				INFOPLIST_KEY_UISupportedInterfaceOrientations_iPhone = "UIInterfaceOrientationPortrait UIInterfaceOrientationLandscapeLeft UIInterfaceOrientationLandscapeRight";
				IPHONEOS_DEPLOYMENT_TARGET = 15.0;
				LD_RUNPATH_SEARCH_PATHS = (
					"$(inherited)",
					"@executable_path/Frameworks",
				);
				MARKETING_VERSION = 1.0;
				PRODUCT_BUNDLE_IDENTIFIER = kotleni.UkraineData;
				PRODUCT_NAME = "$(TARGET_NAME)";
				SWIFT_EMIT_LOC_STRINGS = YES;
				SWIFT_VERSION = 5.0;
				TARGETED_DEVICE_FAMILY = 1;
			};
			name = Debug;
		};
		5AB83D2927EB9F7D00F25250 /* Release */ = {
			isa = XCBuildConfiguration;
			buildSettings = {
				ASSETCATALOG_COMPILER_APPICON_NAME = AppIcon;
				ASSETCATALOG_COMPILER_GLOBAL_ACCENT_COLOR_NAME = AccentColor;
				CODE_SIGN_STYLE = Automatic;
				CURRENT_PROJECT_VERSION = 1;
				DEVELOPMENT_ASSET_PATHS = "\"UkraineData/Preview Content\"";
				DEVELOPMENT_TEAM = 534C989ZLQ;
				ENABLE_PREVIEWS = YES;
				GENERATE_INFOPLIST_FILE = YES;
				INFOPLIST_FILE = UkraineData/Info.plist;
				INFOPLIST_KEY_UIApplicationSupportsIndirectInputEvents = YES;
				INFOPLIST_KEY_UILaunchScreen_Generation = YES;
				INFOPLIST_KEY_UISupportedInterfaceOrientations = "";
				INFOPLIST_KEY_UISupportedInterfaceOrientations_iPad = "UIInterfaceOrientationPortrait UIInterfaceOrientationPortraitUpsideDown UIInterfaceOrientationLandscapeLeft UIInterfaceOrientationLandscapeRight";
				INFOPLIST_KEY_UISupportedInterfaceOrientations_iPhone = "UIInterfaceOrientationPortrait UIInterfaceOrientationLandscapeLeft UIInterfaceOrientationLandscapeRight";
				IPHONEOS_DEPLOYMENT_TARGET = 15.0;
				LD_RUNPATH_SEARCH_PATHS = (
					"$(inherited)",
					"@executable_path/Frameworks",
				);
				MARKETING_VERSION = 1.0;
				PRODUCT_BUNDLE_IDENTIFIER = kotleni.UkraineData;
				PRODUCT_NAME = "$(TARGET_NAME)";
				SWIFT_EMIT_LOC_STRINGS = YES;
				SWIFT_VERSION = 5.0;
				TARGETED_DEVICE_FAMILY = 1;
			};
			name = Release;
		};
/* End XCBuildConfiguration section */

/* Begin XCConfigurationList section */
		5AB83D1427EB9F7C00F25250 /* Build configuration list for PBXProject "UkraineData" */ = {
			isa = XCConfigurationList;
			buildConfigurations = (
				5AB83D2527EB9F7D00F25250 /* Debug */,
				5AB83D2627EB9F7D00F25250 /* Release */,
			);
			defaultConfigurationIsVisible = 0;
			defaultConfigurationName = Release;
		};
		5AB83D2727EB9F7D00F25250 /* Build configuration list for PBXNativeTarget "UkraineData" */ = {
			isa = XCConfigurationList;
			buildConfigurations = (
				5AB83D2827EB9F7D00F25250 /* Debug */,
				5AB83D2927EB9F7D00F25250 /* Release */,
			);
			defaultConfigurationIsVisible = 0;
			defaultConfigurationName = Release;
		};
/* End XCConfigurationList section */
	};
	rootObject = 5AB83D1127EB9F7C00F25250 /* Project object */;
}
